// !$*UTF8*$!
{
	archiveVersion = 1;
	classes = {
	};
	objectVersion = 56;
	objects = {

/* Begin PBXBuildFile section */
		60CB219729AFBF2400CCA95F /* AwaknerApp.swift in Sources */ = {isa = PBXBuildFile; fileRef = 60CB219629AFBF2400CCA95F /* AwaknerApp.swift */; };
		60CB219929AFBF2400CCA95F /* ContentView.swift in Sources */ = {isa = PBXBuildFile; fileRef = 60CB219829AFBF2400CCA95F /* ContentView.swift */; };
		60CB219B29AFBF2400CCA95F /* Assets.xcassets in Resources */ = {isa = PBXBuildFile; fileRef = 60CB219A29AFBF2400CCA95F /* Assets.xcassets */; };
		60CB219E29AFBF2400CCA95F /* Preview Assets.xcassets in Resources */ = {isa = PBXBuildFile; fileRef = 60CB219D29AFBF2400CCA95F /* Preview Assets.xcassets */; };
		60CB21A829AFBF2400CCA95F /* AwaknerTests.swift in Sources */ = {isa = PBXBuildFile; fileRef = 60CB21A729AFBF2400CCA95F /* AwaknerTests.swift */; };
		60CB21B229AFBF2400CCA95F /* AwaknerUITests.swift in Sources */ = {isa = PBXBuildFile; fileRef = 60CB21B129AFBF2400CCA95F /* AwaknerUITests.swift */; };
		60CB21B429AFBF2400CCA95F /* AwaknerUITestsLaunchTests.swift in Sources */ = {isa = PBXBuildFile; fileRef = 60CB21B329AFBF2400CCA95F /* AwaknerUITestsLaunchTests.swift */; };
/* End PBXBuildFile section */

/* Begin PBXContainerItemProxy section */
		60CB21A429AFBF2400CCA95F /* PBXContainerItemProxy */ = {
			isa = PBXContainerItemProxy;
			containerPortal = 60CB218B29AFBF2300CCA95F /* Project object */;
			proxyType = 1;
			remoteGlobalIDString = 60CB219229AFBF2300CCA95F;
			remoteInfo = Awakner;
		};
		60CB21AE29AFBF2400CCA95F /* PBXContainerItemProxy */ = {
			isa = PBXContainerItemProxy;
			containerPortal = 60CB218B29AFBF2300CCA95F /* Project object */;
			proxyType = 1;
			remoteGlobalIDString = 60CB219229AFBF2300CCA95F;
			remoteInfo = Awakner;
		};
/* End PBXContainerItemProxy section */

/* Begin PBXFileReference section */
		60CB219329AFBF2400CCA95F /* Awakner.app */ = {isa = PBXFileReference; explicitFileType = wrapper.application; includeInIndex = 0; path = Awakner.app; sourceTree = BUILT_PRODUCTS_DIR; };
		60CB219629AFBF2400CCA95F /* AwaknerApp.swift */ = {isa = PBXFileReference; lastKnownFileType = sourcecode.swift; path = AwaknerApp.swift; sourceTree = "<group>"; };
		60CB219829AFBF2400CCA95F /* ContentView.swift */ = {isa = PBXFileReference; lastKnownFileType = sourcecode.swift; path = ContentView.swift; sourceTree = "<group>"; };
		60CB219A29AFBF2400CCA95F /* Assets.xcassets */ = {isa = PBXFileReference; lastKnownFileType = folder.assetcatalog; path = Assets.xcassets; sourceTree = "<group>"; };
		60CB219D29AFBF2400CCA95F /* Preview Assets.xcassets */ = {isa = PBXFileReference; lastKnownFileType = folder.assetcatalog; path = "Preview Assets.xcassets"; sourceTree = "<group>"; };
		60CB21A329AFBF2400CCA95F /* AwaknerTests.xctest */ = {isa = PBXFileReference; explicitFileType = wrapper.cfbundle; includeInIndex = 0; path = AwaknerTests.xctest; sourceTree = BUILT_PRODUCTS_DIR; };
		60CB21A729AFBF2400CCA95F /* AwaknerTests.swift */ = {isa = PBXFileReference; lastKnownFileType = sourcecode.swift; path = AwaknerTests.swift; sourceTree = "<group>"; };
		60CB21AD29AFBF2400CCA95F /* AwaknerUITests.xctest */ = {isa = PBXFileReference; explicitFileType = wrapper.cfbundle; includeInIndex = 0; path = AwaknerUITests.xctest; sourceTree = BUILT_PRODUCTS_DIR; };
		60CB21B129AFBF2400CCA95F /* AwaknerUITests.swift */ = {isa = PBXFileReference; lastKnownFileType = sourcecode.swift; path = AwaknerUITests.swift; sourceTree = "<group>"; };
		60CB21B329AFBF2400CCA95F /* AwaknerUITestsLaunchTests.swift */ = {isa = PBXFileReference; lastKnownFileType = sourcecode.swift; path = AwaknerUITestsLaunchTests.swift; sourceTree = "<group>"; };
/* End PBXFileReference section */

/* Begin PBXFrameworksBuildPhase section */
		60CB219029AFBF2300CCA95F /* Frameworks */ = {
			isa = PBXFrameworksBuildPhase;
			buildActionMask = 2147483647;
			files = (
			);
			runOnlyForDeploymentPostprocessing = 0;
		};
		60CB21A029AFBF2400CCA95F /* Frameworks */ = {
			isa = PBXFrameworksBuildPhase;
			buildActionMask = 2147483647;
			files = (
			);
			runOnlyForDeploymentPostprocessing = 0;
		};
		60CB21AA29AFBF2400CCA95F /* Frameworks */ = {
			isa = PBXFrameworksBuildPhase;
			buildActionMask = 2147483647;
			files = (
			);
			runOnlyForDeploymentPostprocessing = 0;
		};
/* End PBXFrameworksBuildPhase section */

/* Begin PBXGroup section */
		60CB218A29AFBF2300CCA95F = {
			isa = PBXGroup;
			children = (
				60CB219529AFBF2400CCA95F /* Awakner */,
				60CB21A629AFBF2400CCA95F /* AwaknerTests */,
				60CB21B029AFBF2400CCA95F /* AwaknerUITests */,
				60CB219429AFBF2400CCA95F /* Products */,
			);
			sourceTree = "<group>";
		};
		60CB219429AFBF2400CCA95F /* Products */ = {
			isa = PBXGroup;
			children = (
				60CB219329AFBF2400CCA95F /* Awakner.app */,
				60CB21A329AFBF2400CCA95F /* AwaknerTests.xctest */,
				60CB21AD29AFBF2400CCA95F /* AwaknerUITests.xctest */,
			);
			name = Products;
			sourceTree = "<group>";
		};
		60CB219529AFBF2400CCA95F /* Awakner */ = {
			isa = PBXGroup;
			children = (
				60CB219629AFBF2400CCA95F /* AwaknerApp.swift */,
				60CB219829AFBF2400CCA95F /* ContentView.swift */,
				60CB219A29AFBF2400CCA95F /* Assets.xcassets */,
				60CB219C29AFBF2400CCA95F /* Preview Content */,
			);
			path = Awakner;
			sourceTree = "<group>";
		};
		60CB219C29AFBF2400CCA95F /* Preview Content */ = {
			isa = PBXGroup;
			children = (
				60CB219D29AFBF2400CCA95F /* Preview Assets.xcassets */,
			);
			path = "Preview Content";
			sourceTree = "<group>";
		};
		60CB21A629AFBF2400CCA95F /* AwaknerTests */ = {
			isa = PBXGroup;
			children = (
				60CB21A729AFBF2400CCA95F /* AwaknerTests.swift */,
			);
			path = AwaknerTests;
			sourceTree = "<group>";
		};
		60CB21B029AFBF2400CCA95F /* AwaknerUITests */ = {
			isa = PBXGroup;
			children = (
				60CB21B129AFBF2400CCA95F /* AwaknerUITests.swift */,
				60CB21B329AFBF2400CCA95F /* AwaknerUITestsLaunchTests.swift */,
			);
			path = AwaknerUITests;
			sourceTree = "<group>";
		};
/* End PBXGroup section */

/* Begin PBXNativeTarget section */
		60CB219229AFBF2300CCA95F /* Awakner */ = {
			isa = PBXNativeTarget;
			buildConfigurationList = 60CB21B729AFBF2400CCA95F /* Build configuration list for PBXNativeTarget "Awakner" */;
			buildPhases = (
				60CB218F29AFBF2300CCA95F /* Sources */,
				60CB219029AFBF2300CCA95F /* Frameworks */,
				60CB219129AFBF2300CCA95F /* Resources */,
			);
			buildRules = (
			);
			dependencies = (
			);
			name = Awakner;
			productName = Awakner;
			productReference = 60CB219329AFBF2400CCA95F /* Awakner.app */;
			productType = "com.apple.product-type.application";
		};
		60CB21A229AFBF2400CCA95F /* AwaknerTests */ = {
			isa = PBXNativeTarget;
			buildConfigurationList = 60CB21BA29AFBF2400CCA95F /* Build configuration list for PBXNativeTarget "AwaknerTests" */;
			buildPhases = (
				60CB219F29AFBF2400CCA95F /* Sources */,
				60CB21A029AFBF2400CCA95F /* Frameworks */,
				60CB21A129AFBF2400CCA95F /* Resources */,
			);
			buildRules = (
			);
			dependencies = (
				60CB21A529AFBF2400CCA95F /* PBXTargetDependency */,
			);
			name = AwaknerTests;
			productName = AwaknerTests;
			productReference = 60CB21A329AFBF2400CCA95F /* AwaknerTests.xctest */;
			productType = "com.apple.product-type.bundle.unit-test";
		};
		60CB21AC29AFBF2400CCA95F /* AwaknerUITests */ = {
			isa = PBXNativeTarget;
			buildConfigurationList = 60CB21BD29AFBF2400CCA95F /* Build configuration list for PBXNativeTarget "AwaknerUITests" */;
			buildPhases = (
				60CB21A929AFBF2400CCA95F /* Sources */,
				60CB21AA29AFBF2400CCA95F /* Frameworks */,
				60CB21AB29AFBF2400CCA95F /* Resources */,
			);
			buildRules = (
			);
			dependencies = (
				60CB21AF29AFBF2400CCA95F /* PBXTargetDependency */,
			);
			name = AwaknerUITests;
			productName = AwaknerUITests;
			productReference = 60CB21AD29AFBF2400CCA95F /* AwaknerUITests.xctest */;
			productType = "com.apple.product-type.bundle.ui-testing";
		};
/* End PBXNativeTarget section */

/* Begin PBXProject section */
		60CB218B29AFBF2300CCA95F /* Project object */ = {
			isa = PBXProject;
			attributes = {
				BuildIndependentTargetsInParallel = 1;
				LastSwiftUpdateCheck = 1410;
				LastUpgradeCheck = 1410;
				TargetAttributes = {
					60CB219229AFBF2300CCA95F = {
						CreatedOnToolsVersion = 14.1;
					};
					60CB21A229AFBF2400CCA95F = {
						CreatedOnToolsVersion = 14.1;
						TestTargetID = 60CB219229AFBF2300CCA95F;
					};
					60CB21AC29AFBF2400CCA95F = {
						CreatedOnToolsVersion = 14.1;
						TestTargetID = 60CB219229AFBF2300CCA95F;
					};
				};
			};
			buildConfigurationList = 60CB218E29AFBF2300CCA95F /* Build configuration list for PBXProject "Awakner" */;
			compatibilityVersion = "Xcode 14.0";
			developmentRegion = en;
			hasScannedForEncodings = 0;
			knownRegions = (
				en,
				Base,
			);
			mainGroup = 60CB218A29AFBF2300CCA95F;
			productRefGroup = 60CB219429AFBF2400CCA95F /* Products */;
			projectDirPath = "";
			projectRoot = "";
			targets = (
				60CB219229AFBF2300CCA95F /* Awakner */,
				60CB21A229AFBF2400CCA95F /* AwaknerTests */,
				60CB21AC29AFBF2400CCA95F /* AwaknerUITests */,
			);
		};
/* End PBXProject section */

/* Begin PBXResourcesBuildPhase section */
		60CB219129AFBF2300CCA95F /* Resources */ = {
			isa = PBXResourcesBuildPhase;
			buildActionMask = 2147483647;
			files = (
				60CB219E29AFBF2400CCA95F /* Preview Assets.xcassets in Resources */,
				60CB219B29AFBF2400CCA95F /* Assets.xcassets in Resources */,
			);
			runOnlyForDeploymentPostprocessing = 0;
		};
		60CB21A129AFBF2400CCA95F /* Resources */ = {
			isa = PBXResourcesBuildPhase;
			buildActionMask = 2147483647;
			files = (
			);
			runOnlyForDeploymentPostprocessing = 0;
		};
		60CB21AB29AFBF2400CCA95F /* Resources */ = {
			isa = PBXResourcesBuildPhase;
			buildActionMask = 2147483647;
			files = (
			);
			runOnlyForDeploymentPostprocessing = 0;
		};
/* End PBXResourcesBuildPhase section */

/* Begin PBXSourcesBuildPhase section */
		60CB218F29AFBF2300CCA95F /* Sources */ = {
			isa = PBXSourcesBuildPhase;
			buildActionMask = 2147483647;
			files = (
				60CB219929AFBF2400CCA95F /* ContentView.swift in Sources */,
				60CB219729AFBF2400CCA95F /* AwaknerApp.swift in Sources */,
			);
			runOnlyForDeploymentPostprocessing = 0;
		};
		60CB219F29AFBF2400CCA95F /* Sources */ = {
			isa = PBXSourcesBuildPhase;
			buildActionMask = 2147483647;
			files = (
				60CB21A829AFBF2400CCA95F /* AwaknerTests.swift in Sources */,
			);
			runOnlyForDeploymentPostprocessing = 0;
		};
		60CB21A929AFBF2400CCA95F /* Sources */ = {
			isa = PBXSourcesBuildPhase;
			buildActionMask = 2147483647;
			files = (
				60CB21B429AFBF2400CCA95F /* AwaknerUITestsLaunchTests.swift in Sources */,
				60CB21B229AFBF2400CCA95F /* AwaknerUITests.swift in Sources */,
			);
			runOnlyForDeploymentPostprocessing = 0;
		};
/* End PBXSourcesBuildPhase section */

/* Begin PBXTargetDependency section */
		60CB21A529AFBF2400CCA95F /* PBXTargetDependency */ = {
			isa = PBXTargetDependency;
			target = 60CB219229AFBF2300CCA95F /* Awakner */;
			targetProxy = 60CB21A429AFBF2400CCA95F /* PBXContainerItemProxy */;
		};
		60CB21AF29AFBF2400CCA95F /* PBXTargetDependency */ = {
			isa = PBXTargetDependency;
			target = 60CB219229AFBF2300CCA95F /* Awakner */;
			targetProxy = 60CB21AE29AFBF2400CCA95F /* PBXContainerItemProxy */;
		};
/* End PBXTargetDependency section */

/* Begin XCBuildConfiguration section */
		60CB21B529AFBF2400CCA95F /* Debug */ = {
			isa = XCBuildConfiguration;
			buildSettings = {
				ALWAYS_SEARCH_USER_PATHS = NO;
				CLANG_ANALYZER_NONNULL = YES;
				CLANG_ANALYZER_NUMBER_OBJECT_CONVERSION = YES_AGGRESSIVE;
				CLANG_CXX_LANGUAGE_STANDARD = "gnu++20";
				CLANG_ENABLE_MODULES = YES;
				CLANG_ENABLE_OBJC_ARC = YES;
				CLANG_ENABLE_OBJC_WEAK = YES;
				CLANG_WARN_BLOCK_CAPTURE_AUTORELEASING = YES;
				CLANG_WARN_BOOL_CONVERSION = YES;
				CLANG_WARN_COMMA = YES;
				CLANG_WARN_CONSTANT_CONVERSION = YES;
				CLANG_WARN_DEPRECATED_OBJC_IMPLEMENTATIONS = YES;
				CLANG_WARN_DIRECT_OBJC_ISA_USAGE = YES_ERROR;
				CLANG_WARN_DOCUMENTATION_COMMENTS = YES;
				CLANG_WARN_EMPTY_BODY = YES;
				CLANG_WARN_ENUM_CONVERSION = YES;
				CLANG_WARN_INFINITE_RECURSION = YES;
				CLANG_WARN_INT_CONVERSION = YES;
				CLANG_WARN_NON_LITERAL_NULL_CONVERSION = YES;
				CLANG_WARN_OBJC_IMPLICIT_RETAIN_SELF = YES;
				CLANG_WARN_OBJC_LITERAL_CONVERSION = YES;
				CLANG_WARN_OBJC_ROOT_CLASS = YES_ERROR;
				CLANG_WARN_QUOTED_INCLUDE_IN_FRAMEWORK_HEADER = YES;
				CLANG_WARN_RANGE_LOOP_ANALYSIS = YES;
				CLANG_WARN_STRICT_PROTOTYPES = YES;
				CLANG_WARN_SUSPICIOUS_MOVE = YES;
				CLANG_WARN_UNGUARDED_AVAILABILITY = YES_AGGRESSIVE;
				CLANG_WARN_UNREACHABLE_CODE = YES;
				CLANG_WARN__DUPLICATE_METHOD_MATCH = YES;
				COPY_PHASE_STRIP = NO;
				DEBUG_INFORMATION_FORMAT = dwarf;
				ENABLE_STRICT_OBJC_MSGSEND = YES;
				ENABLE_TESTABILITY = YES;
				GCC_C_LANGUAGE_STANDARD = gnu11;
				GCC_DYNAMIC_NO_PIC = NO;
				GCC_NO_COMMON_BLOCKS = YES;
				GCC_OPTIMIZATION_LEVEL = 0;
				GCC_PREPROCESSOR_DEFINITIONS = (
					"DEBUG=1",
					"$(inherited)",
				);
				GCC_WARN_64_TO_32_BIT_CONVERSION = YES;
				GCC_WARN_ABOUT_RETURN_TYPE = YES_ERROR;
				GCC_WARN_UNDECLARED_SELECTOR = YES;
				GCC_WARN_UNINITIALIZED_AUTOS = YES_AGGRESSIVE;
				GCC_WARN_UNUSED_FUNCTION = YES;
				GCC_WARN_UNUSED_VARIABLE = YES;
				IPHONEOS_DEPLOYMENT_TARGET = 16.1;
				MTL_ENABLE_DEBUG_INFO = INCLUDE_SOURCE;
				MTL_FAST_MATH = YES;
				ONLY_ACTIVE_ARCH = YES;
				SDKROOT = iphoneos;
				SWIFT_ACTIVE_COMPILATION_CONDITIONS = DEBUG;
				SWIFT_OPTIMIZATION_LEVEL = "-Onone";
			};
			name = Debug;
		};
		60CB21B629AFBF2400CCA95F /* Release */ = {
			isa = XCBuildConfiguration;
			buildSettings = {
				ALWAYS_SEARCH_USER_PATHS = NO;
				CLANG_ANALYZER_NONNULL = YES;
				CLANG_ANALYZER_NUMBER_OBJECT_CONVERSION = YES_AGGRESSIVE;
				CLANG_CXX_LANGUAGE_STANDARD = "gnu++20";
				CLANG_ENABLE_MODULES = YES;
				CLANG_ENABLE_OBJC_ARC = YES;
				CLANG_ENABLE_OBJC_WEAK = YES;
				CLANG_WARN_BLOCK_CAPTURE_AUTORELEASING = YES;
				CLANG_WARN_BOOL_CONVERSION = YES;
				CLANG_WARN_COMMA = YES;
				CLANG_WARN_CONSTANT_CONVERSION = YES;
				CLANG_WARN_DEPRECATED_OBJC_IMPLEMENTATIONS = YES;
				CLANG_WARN_DIRECT_OBJC_ISA_USAGE = YES_ERROR;
				CLANG_WARN_DOCUMENTATION_COMMENTS = YES;
				CLANG_WARN_EMPTY_BODY = YES;
				CLANG_WARN_ENUM_CONVERSION = YES;
				CLANG_WARN_INFINITE_RECURSION = YES;
				CLANG_WARN_INT_CONVERSION = YES;
				CLANG_WARN_NON_LITERAL_NULL_CONVERSION = YES;
				CLANG_WARN_OBJC_IMPLICIT_RETAIN_SELF = YES;
				CLANG_WARN_OBJC_LITERAL_CONVERSION = YES;
				CLANG_WARN_OBJC_ROOT_CLASS = YES_ERROR;
				CLANG_WARN_QUOTED_INCLUDE_IN_FRAMEWORK_HEADER = YES;
				CLANG_WARN_RANGE_LOOP_ANALYSIS = YES;
				CLANG_WARN_STRICT_PROTOTYPES = YES;
				CLANG_WARN_SUSPICIOUS_MOVE = YES;
				CLANG_WARN_UNGUARDED_AVAILABILITY = YES_AGGRESSIVE;
				CLANG_WARN_UNREACHABLE_CODE = YES;
				CLANG_WARN__DUPLICATE_METHOD_MATCH = YES;
				COPY_PHASE_STRIP = NO;
				DEBUG_INFORMATION_FORMAT = "dwarf-with-dsym";
				ENABLE_NS_ASSERTIONS = NO;
				ENABLE_STRICT_OBJC_MSGSEND = YES;
				GCC_C_LANGUAGE_STANDARD = gnu11;
				GCC_NO_COMMON_BLOCKS = YES;
				GCC_WARN_64_TO_32_BIT_CONVERSION = YES;
				GCC_WARN_ABOUT_RETURN_TYPE = YES_ERROR;
				GCC_WARN_UNDECLARED_SELECTOR = YES;
				GCC_WARN_UNINITIALIZED_AUTOS = YES_AGGRESSIVE;
				GCC_WARN_UNUSED_FUNCTION = YES;
				GCC_WARN_UNUSED_VARIABLE = YES;
				IPHONEOS_DEPLOYMENT_TARGET = 16.1;
				MTL_ENABLE_DEBUG_INFO = NO;
				MTL_FAST_MATH = YES;
				SDKROOT = iphoneos;
				SWIFT_COMPILATION_MODE = wholemodule;
				SWIFT_OPTIMIZATION_LEVEL = "-O";
				VALIDATE_PRODUCT = YES;
			};
			name = Release;
		};
		60CB21B829AFBF2400CCA95F /* Debug */ = {
			isa = XCBuildConfiguration;
			buildSettings = {
				ASSETCATALOG_COMPILER_APPICON_NAME = AppIcon;
				ASSETCATALOG_COMPILER_GLOBAL_ACCENT_COLOR_NAME = AccentColor;
				CODE_SIGN_STYLE = Automatic;
				CURRENT_PROJECT_VERSION = 1;
				DEVELOPMENT_ASSET_PATHS = "\"Awakner/Preview Content\"";
				DEVELOPMENT_TEAM = N96T5K2D2H;
				ENABLE_PREVIEWS = YES;
				GENERATE_INFOPLIST_FILE = YES;
				INFOPLIST_KEY_UIApplicationSceneManifest_Generation = YES;
				INFOPLIST_KEY_UIApplicationSupportsIndirectInputEvents = YES;
				INFOPLIST_KEY_UILaunchScreen_Generation = YES;
				INFOPLIST_KEY_UISupportedInterfaceOrientations_iPad = "UIInterfaceOrientationPortrait UIInterfaceOrientationPortraitUpsideDown UIInterfaceOrientationLandscapeLeft UIInterfaceOrientationLandscapeRight";
				INFOPLIST_KEY_UISupportedInterfaceOrientations_iPhone = "UIInterfaceOrientationPortrait UIInterfaceOrientationLandscapeLeft UIInterfaceOrientationLandscapeRight";
				LD_RUNPATH_SEARCH_PATHS = (
					"$(inherited)",
					"@executable_path/Frameworks",
				);
				MARKETING_VERSION = 1.0;
				PRODUCT_BUNDLE_IDENTIFIER = com.tripie.Awakner;
				PRODUCT_NAME = "$(TARGET_NAME)";
				SWIFT_EMIT_LOC_STRINGS = YES;
				SWIFT_VERSION = 5.0;
				TARGETED_DEVICE_FAMILY = "1,2";
			};
			name = Debug;
		};
		60CB21B929AFBF2400CCA95F /* Release */ = {
			isa = XCBuildConfiguration;
			buildSettings = {
				ASSETCATALOG_COMPILER_APPICON_NAME = AppIcon;
				ASSETCATALOG_COMPILER_GLOBAL_ACCENT_COLOR_NAME = AccentColor;
				CODE_SIGN_STYLE = Automatic;
				CURRENT_PROJECT_VERSION = 1;
				DEVELOPMENT_ASSET_PATHS = "\"Awakner/Preview Content\"";
				DEVELOPMENT_TEAM = N96T5K2D2H;
				ENABLE_PREVIEWS = YES;
				GENERATE_INFOPLIST_FILE = YES;
				INFOPLIST_KEY_UIApplicationSceneManifest_Generation = YES;
				INFOPLIST_KEY_UIApplicationSupportsIndirectInputEvents = YES;
				INFOPLIST_KEY_UILaunchScreen_Generation = YES;
				INFOPLIST_KEY_UISupportedInterfaceOrientations_iPad = "UIInterfaceOrientationPortrait UIInterfaceOrientationPortraitUpsideDown UIInterfaceOrientationLandscapeLeft UIInterfaceOrientationLandscapeRight";
				INFOPLIST_KEY_UISupportedInterfaceOrientations_iPhone = "UIInterfaceOrientationPortrait UIInterfaceOrientationLandscapeLeft UIInterfaceOrientationLandscapeRight";
				LD_RUNPATH_SEARCH_PATHS = (
					"$(inherited)",
					"@executable_path/Frameworks",
				);
				MARKETING_VERSION = 1.0;
				PRODUCT_BUNDLE_IDENTIFIER = com.tripie.Awakner;
				PRODUCT_NAME = "$(TARGET_NAME)";
				SWIFT_EMIT_LOC_STRINGS = YES;
				SWIFT_VERSION = 5.0;
				TARGETED_DEVICE_FAMILY = "1,2";
			};
			name = Release;
		};
		60CB21BB29AFBF2400CCA95F /* Debug */ = {
			isa = XCBuildConfiguration;
			buildSettings = {
				ALWAYS_EMBED_SWIFT_STANDARD_LIBRARIES = YES;
				BUNDLE_LOADER = "$(TEST_HOST)";
				CODE_SIGN_STYLE = Automatic;
				CURRENT_PROJECT_VERSION = 1;
				DEVELOPMENT_TEAM = N96T5K2D2H;
				GENERATE_INFOPLIST_FILE = YES;
				IPHONEOS_DEPLOYMENT_TARGET = 16.1;
				MARKETING_VERSION = 1.0;
				PRODUCT_BUNDLE_IDENTIFIER = com.tripie.AwaknerTests;
				PRODUCT_NAME = "$(TARGET_NAME)";
				SWIFT_EMIT_LOC_STRINGS = NO;
				SWIFT_VERSION = 5.0;
				TARGETED_DEVICE_FAMILY = "1,2";
				TEST_HOST = "$(BUILT_PRODUCTS_DIR)/Awakner.app/$(BUNDLE_EXECUTABLE_FOLDER_PATH)/Awakner";
			};
			name = Debug;
		};
		60CB21BC29AFBF2400CCA95F /* Release */ = {
			isa = XCBuildConfiguration;
			buildSettings = {
				ALWAYS_EMBED_SWIFT_STANDARD_LIBRARIES = YES;
				BUNDLE_LOADER = "$(TEST_HOST)";
				CODE_SIGN_STYLE = Automatic;
				CURRENT_PROJECT_VERSION = 1;
				DEVELOPMENT_TEAM = N96T5K2D2H;
				GENERATE_INFOPLIST_FILE = YES;
				IPHONEOS_DEPLOYMENT_TARGET = 16.1;
				MARKETING_VERSION = 1.0;
				PRODUCT_BUNDLE_IDENTIFIER = com.tripie.AwaknerTests;
				PRODUCT_NAME = "$(TARGET_NAME)";
				SWIFT_EMIT_LOC_STRINGS = NO;
				SWIFT_VERSION = 5.0;
				TARGETED_DEVICE_FAMILY = "1,2";
				TEST_HOST = "$(BUILT_PRODUCTS_DIR)/Awakner.app/$(BUNDLE_EXECUTABLE_FOLDER_PATH)/Awakner";
			};
			name = Release;
		};
		60CB21BE29AFBF2400CCA95F /* Debug */ = {
			isa = XCBuildConfiguration;
			buildSettings = {
				ALWAYS_EMBED_SWIFT_STANDARD_LIBRARIES = YES;
				CODE_SIGN_STYLE = Automatic;
				CURRENT_PROJECT_VERSION = 1;
				DEVELOPMENT_TEAM = N96T5K2D2H;
				GENERATE_INFOPLIST_FILE = YES;
				MARKETING_VERSION = 1.0;
				PRODUCT_BUNDLE_IDENTIFIER = com.tripie.AwaknerUITests;
				PRODUCT_NAME = "$(TARGET_NAME)";
				SWIFT_EMIT_LOC_STRINGS = NO;
				SWIFT_VERSION = 5.0;
				TARGETED_DEVICE_FAMILY = "1,2";
				TEST_TARGET_NAME = Awakner;
			};
			name = Debug;
		};
		60CB21BF29AFBF2400CCA95F /* Release */ = {
			isa = XCBuildConfiguration;
			buildSettings = {
				ALWAYS_EMBED_SWIFT_STANDARD_LIBRARIES = YES;
				CODE_SIGN_STYLE = Automatic;
				CURRENT_PROJECT_VERSION = 1;
				DEVELOPMENT_TEAM = N96T5K2D2H;
				GENERATE_INFOPLIST_FILE = YES;
				MARKETING_VERSION = 1.0;
				PRODUCT_BUNDLE_IDENTIFIER = com.tripie.AwaknerUITests;
				PRODUCT_NAME = "$(TARGET_NAME)";
				SWIFT_EMIT_LOC_STRINGS = NO;
				SWIFT_VERSION = 5.0;
				TARGETED_DEVICE_FAMILY = "1,2";
				TEST_TARGET_NAME = Awakner;
			};
			name = Release;
		};
/* End XCBuildConfiguration section */

/* Begin XCConfigurationList section */
		60CB218E29AFBF2300CCA95F /* Build configuration list for PBXProject "Awakner" */ = {
			isa = XCConfigurationList;
			buildConfigurations = (
				60CB21B529AFBF2400CCA95F /* Debug */,
				60CB21B629AFBF2400CCA95F /* Release */,
			);
			defaultConfigurationIsVisible = 0;
			defaultConfigurationName = Release;
		};
		60CB21B729AFBF2400CCA95F /* Build configuration list for PBXNativeTarget "Awakner" */ = {
			isa = XCConfigurationList;
			buildConfigurations = (
				60CB21B829AFBF2400CCA95F /* Debug */,
				60CB21B929AFBF2400CCA95F /* Release */,
			);
			defaultConfigurationIsVisible = 0;
			defaultConfigurationName = Release;
		};
		60CB21BA29AFBF2400CCA95F /* Build configuration list for PBXNativeTarget "AwaknerTests" */ = {
			isa = XCConfigurationList;
			buildConfigurations = (
				60CB21BB29AFBF2400CCA95F /* Debug */,
				60CB21BC29AFBF2400CCA95F /* Release */,
			);
			defaultConfigurationIsVisible = 0;
			defaultConfigurationName = Release;
		};
		60CB21BD29AFBF2400CCA95F /* Build configuration list for PBXNativeTarget "AwaknerUITests" */ = {
			isa = XCConfigurationList;
			buildConfigurations = (
				60CB21BE29AFBF2400CCA95F /* Debug */,
				60CB21BF29AFBF2400CCA95F /* Release */,
			);
			defaultConfigurationIsVisible = 0;
			defaultConfigurationName = Release;
		};
/* End XCConfigurationList section */
	};
	rootObject = 60CB218B29AFBF2300CCA95F /* Project object */;
}
